
Microsoft Visual Studio Solution File, Format Version 12.00
# Visual Studio Version 16
VisualStudioVersion = 16.0.30413.136
MinimumVisualStudioVersion = 10.0.40219.1
Project("{9A19103F-16F7-4668-BE54-9A1E7A4F7556}") = "BookStore-API", "BookStore-API\BookStore-API.csproj", "{10C8955E-CCFA-45B3-BEC4-349CA094D326}"
EndProject
Project("{9A19103F-16F7-4668-BE54-9A1E7A4F7556}") = "BookStore-UI", "BookStore-UI\BookStore-UI.csproj", "{273EE7EC-F460-4E0D-9DD6-64184417CE15}"
EndProject
Global
	GlobalSection(SolutionConfigurationPlatforms) = preSolution
		Debug|Any CPU = Debug|Any CPU
		Release|Any CPU = Release|Any CPU
	EndGlobalSection
	GlobalSection(ProjectConfigurationPlatforms) = postSolution
		{10C8955E-CCFA-45B3-BEC4-349CA094D326}.Debug|Any CPU.ActiveCfg = Debug|Any CPU
		{10C8955E-CCFA-45B3-BEC4-349CA094D326}.Debug|Any CPU.Build.0 = Debug|Any CPU
		{10C8955E-CCFA-45B3-BEC4-349CA094D326}.Release|Any CPU.ActiveCfg = Release|Any CPU
		{10C8955E-CCFA-45B3-BEC4-349CA094D326}.Release|Any CPU.Build.0 = Release|Any CPU
		{273EE7EC-F460-4E0D-9DD6-64184417CE15}.Debug|Any CPU.ActiveCfg = Debug|Any CPU
		{273EE7EC-F460-4E0D-9DD6-64184417CE15}.Debug|Any CPU.Build.0 = Debug|Any CPU
		{273EE7EC-F460-4E0D-9DD6-64184417CE15}.Release|Any CPU.ActiveCfg = Release|Any CPU
		{273EE7EC-F460-4E0D-9DD6-64184417CE15}.Release|Any CPU.Build.0 = Release|Any CPU
	EndGlobalSection
	GlobalSection(SolutionProperties) = preSolution
		HideSolutionNode = FALSE
	EndGlobalSection
	GlobalSection(ExtensibilityGlobals) = postSolution
		SolutionGuid = {B35FFB31-87C6-468D-8EBE-E8AF10CB7375}
	EndGlobalSection
EndGlobal
